
Microsoft Visual Studio Solution File, Format Version 12.00
Project("{FAE04EC0-301F-11D3-BF4B-00C04F79EFBC}") = "T8Q3", "T8Q3\T8Q3.csproj", "{79776184-2172-4306-8133-C24A2E9A949B}"
EndProject
Global
	GlobalSection(SolutionConfigurationPlatforms) = preSolution
		Debug|Any CPU = Debug|Any CPU
		Release|Any CPU = Release|Any CPU
	EndGlobalSection
	GlobalSection(ProjectConfigurationPlatforms) = postSolution
		{79776184-2172-4306-8133-C24A2E9A949B}.Debug|Any CPU.ActiveCfg = Debug|Any CPU
		{79776184-2172-4306-8133-C24A2E9A949B}.Debug|Any CPU.Build.0 = Debug|Any CPU
		{79776184-2172-4306-8133-C24A2E9A949B}.Release|Any CPU.ActiveCfg = Release|Any CPU
		{79776184-2172-4306-8133-C24A2E9A949B}.Release|Any CPU.Build.0 = Release|Any CPU
	EndGlobalSection
EndGlobal
